
Microsoft Visual Studio Solution File, Format Version 12.00
# Visual Studio Version 17
VisualStudioVersion = 17.11.35312.102
MinimumVisualStudioVersion = 10.0.40219.1
Project("{FAE04EC0-301F-11D3-BF4B-00C04F79EFBC}") = "ExcelImporter", "ExcelImporter.csproj", "{5FE1C3D0-504D-43A8-B011-FCE4A44F9EB3}"
EndProject
Global
	GlobalSection(SolutionConfigurationPlatforms) = preSolution
		Debug|Any CPU = Debug|Any CPU
		Release|Any CPU = Release|Any CPU
	EndGlobalSection
	GlobalSection(ProjectConfigurationPlatforms) = postSolution
		{5FE1C3D0-504D-43A8-B011-FCE4A44F9EB3}.Debug|Any CPU.ActiveCfg = Debug|Any CPU
		{5FE1C3D0-504D-43A8-B011-FCE4A44F9EB3}.Debug|Any CPU.Build.0 = Debug|Any CPU
		{5FE1C3D0-504D-43A8-B011-FCE4A44F9EB3}.Release|Any CPU.ActiveCfg = Release|Any CPU
		{5FE1C3D0-504D-43A8-B011-FCE4A44F9EB3}.Release|Any CPU.Build.0 = Release|Any CPU
	EndGlobalSection
	GlobalSection(SolutionProperties) = preSolution
		HideSolutionNode = FALSE
	EndGlobalSection
	GlobalSection(ExtensibilityGlobals) = postSolution
		SolutionGuid = {E2CDFE03-B7F4-4F71-832B-CF15CF489A88}
	EndGlobalSection
EndGlobal
